
Microsoft Visual Studio Solution File, Format Version 12.00
# Visual Studio Version 17
VisualStudioVersion = 17.8.34511.84
MinimumVisualStudioVersion = 10.0.40219.1
Project("{9A19103F-16F7-4668-BE54-9A1E7A4F7556}") = "BlazorStaticSSR", "BlazorStaticSSR\BlazorStaticSSR.csproj", "{F7589FB7-BE20-4D37-AC4E-CA008BE8B46A}"
EndProject
Global
	GlobalSection(SolutionConfigurationPlatforms) = preSolution
		Debug|Any CPU = Debug|Any CPU
		Release|Any CPU = Release|Any CPU
	EndGlobalSection
	GlobalSection(ProjectConfigurationPlatforms) = postSolution
		{F7589FB7-BE20-4D37-AC4E-CA008BE8B46A}.Debug|Any CPU.ActiveCfg = Debug|Any CPU
		{F7589FB7-BE20-4D37-AC4E-CA008BE8B46A}.Debug|Any CPU.Build.0 = Debug|Any CPU
		{F7589FB7-BE20-4D37-AC4E-CA008BE8B46A}.Release|Any CPU.ActiveCfg = Release|Any CPU
		{F7589FB7-BE20-4D37-AC4E-CA008BE8B46A}.Release|Any CPU.Build.0 = Release|Any CPU
	EndGlobalSection
	GlobalSection(SolutionProperties) = preSolution
		HideSolutionNode = FALSE
	EndGlobalSection
	GlobalSection(ExtensibilityGlobals) = postSolution
		SolutionGuid = {E62E1094-3A3B-4E72-A454-0621A40ACA70}
	EndGlobalSection
EndGlobal
