
Microsoft Visual Studio Solution File, Format Version 12.00
# Visual Studio Version 17
VisualStudioVersion = 17.8.34511.84
MinimumVisualStudioVersion = 10.0.40219.1
Project("{9A19103F-16F7-4668-BE54-9A1E7A4F7556}") = "BlazorWebAssemblySakilaApp", "BlazorWebAssemblySakilaApp\BlazorWebAssemblySakilaApp.csproj", "{673C2046-AA33-45CE-8298-7D9227E9037E}"
EndProject
Project("{9A19103F-16F7-4668-BE54-9A1E7A4F7556}") = "Sakila.Model", "Sakila.Model\Sakila.Model.csproj", "{E3A45ECE-AA1C-41F0-94A1-E8B21F24025F}"
EndProject
Project("{9A19103F-16F7-4668-BE54-9A1E7A4F7556}") = "Sakila.Api", "Sakila.Api\Sakila.Api.csproj", "{1691CC20-6998-4E59-A0A9-9F003F7F6A34}"
EndProject
Project("{9A19103F-16F7-4668-BE54-9A1E7A4F7556}") = "Sakila.Abstractions", "Sakila.Abstractions\Sakila.Abstractions.csproj", "{12CE5F92-8B71-4B10-8A20-913FE322000A}"
EndProject
Project("{9A19103F-16F7-4668-BE54-9A1E7A4F7556}") = "Sakila.Infrastructure", "Sakila.Infrastructure\Sakila.Infrastructure.csproj", "{2B0D4070-7048-460A-9F55-70DEDA4223A3}"
EndProject
Project("{9A19103F-16F7-4668-BE54-9A1E7A4F7556}") = "Auth.Api", "Auth.Api\Auth.Api.csproj", "{9DBDB8AD-E1D5-4A68-A5A5-487C6B7E0435}"
EndProject
Project("{FAE04EC0-301F-11D3-BF4B-00C04F79EFBC}") = "MauiBlazorApp", "MauiBlazorApp\MauiBlazorApp.csproj", "{517A441C-1EB2-455B-9CAF-839336926E24}"
EndProject
Global
	GlobalSection(SolutionConfigurationPlatforms) = preSolution
		Debug|Any CPU = Debug|Any CPU
		Release|Any CPU = Release|Any CPU
	EndGlobalSection
	GlobalSection(ProjectConfigurationPlatforms) = postSolution
		{673C2046-AA33-45CE-8298-7D9227E9037E}.Debug|Any CPU.ActiveCfg = Debug|Any CPU
		{673C2046-AA33-45CE-8298-7D9227E9037E}.Debug|Any CPU.Build.0 = Debug|Any CPU
		{673C2046-AA33-45CE-8298-7D9227E9037E}.Release|Any CPU.ActiveCfg = Release|Any CPU
		{673C2046-AA33-45CE-8298-7D9227E9037E}.Release|Any CPU.Build.0 = Release|Any CPU
		{E3A45ECE-AA1C-41F0-94A1-E8B21F24025F}.Debug|Any CPU.ActiveCfg = Debug|Any CPU
		{E3A45ECE-AA1C-41F0-94A1-E8B21F24025F}.Debug|Any CPU.Build.0 = Debug|Any CPU
		{E3A45ECE-AA1C-41F0-94A1-E8B21F24025F}.Release|Any CPU.ActiveCfg = Release|Any CPU
		{E3A45ECE-AA1C-41F0-94A1-E8B21F24025F}.Release|Any CPU.Build.0 = Release|Any CPU
		{1691CC20-6998-4E59-A0A9-9F003F7F6A34}.Debug|Any CPU.ActiveCfg = Debug|Any CPU
		{1691CC20-6998-4E59-A0A9-9F003F7F6A34}.Debug|Any CPU.Build.0 = Debug|Any CPU
		{1691CC20-6998-4E59-A0A9-9F003F7F6A34}.Release|Any CPU.ActiveCfg = Release|Any CPU
		{1691CC20-6998-4E59-A0A9-9F003F7F6A34}.Release|Any CPU.Build.0 = Release|Any CPU
		{12CE5F92-8B71-4B10-8A20-913FE322000A}.Debug|Any CPU.ActiveCfg = Debug|Any CPU
		{12CE5F92-8B71-4B10-8A20-913FE322000A}.Debug|Any CPU.Build.0 = Debug|Any CPU
		{12CE5F92-8B71-4B10-8A20-913FE322000A}.Release|Any CPU.ActiveCfg = Release|Any CPU
		{12CE5F92-8B71-4B10-8A20-913FE322000A}.Release|Any CPU.Build.0 = Release|Any CPU
		{2B0D4070-7048-460A-9F55-70DEDA4223A3}.Debug|Any CPU.ActiveCfg = Debug|Any CPU
		{2B0D4070-7048-460A-9F55-70DEDA4223A3}.Debug|Any CPU.Build.0 = Debug|Any CPU
		{2B0D4070-7048-460A-9F55-70DEDA4223A3}.Release|Any CPU.ActiveCfg = Release|Any CPU
		{2B0D4070-7048-460A-9F55-70DEDA4223A3}.Release|Any CPU.Build.0 = Release|Any CPU
		{9DBDB8AD-E1D5-4A68-A5A5-487C6B7E0435}.Debug|Any CPU.ActiveCfg = Debug|Any CPU
		{9DBDB8AD-E1D5-4A68-A5A5-487C6B7E0435}.Debug|Any CPU.Build.0 = Debug|Any CPU
		{9DBDB8AD-E1D5-4A68-A5A5-487C6B7E0435}.Release|Any CPU.ActiveCfg = Release|Any CPU
		{9DBDB8AD-E1D5-4A68-A5A5-487C6B7E0435}.Release|Any CPU.Build.0 = Release|Any CPU
		{517A441C-1EB2-455B-9CAF-839336926E24}.Debug|Any CPU.ActiveCfg = Debug|Any CPU
		{517A441C-1EB2-455B-9CAF-839336926E24}.Debug|Any CPU.Build.0 = Debug|Any CPU
		{517A441C-1EB2-455B-9CAF-839336926E24}.Debug|Any CPU.Deploy.0 = Debug|Any CPU
		{517A441C-1EB2-455B-9CAF-839336926E24}.Release|Any CPU.ActiveCfg = Release|Any CPU
		{517A441C-1EB2-455B-9CAF-839336926E24}.Release|Any CPU.Build.0 = Release|Any CPU
		{517A441C-1EB2-455B-9CAF-839336926E24}.Release|Any CPU.Deploy.0 = Release|Any CPU
	EndGlobalSection
	GlobalSection(SolutionProperties) = preSolution
		HideSolutionNode = FALSE
	EndGlobalSection
	GlobalSection(ExtensibilityGlobals) = postSolution
		SolutionGuid = {E62E1094-3A3B-4E72-A454-0621A40ACA70}
	EndGlobalSection
EndGlobal
